
Microsoft Visual Studio Solution File, Format Version 12.00
# Visual Studio Version 16
VisualStudioVersion = 16.0.30503.244
MinimumVisualStudioVersion = 10.0.40219.1
Project("{9A19103F-16F7-4668-BE54-9A1E7A4F7556}") = "MerchantService", "MerchantService\MerchantService.csproj", "{520C5223-5DE2-4395-8DBF-BB5B4659098A}"
EndProject
Project("{FAE04EC0-301F-11D3-BF4B-00C04F79EFBC}") = "MerchantService.Test", "MerchantService.Test\MerchantService.Test.csproj", "{3068F2F6-5DBB-47F2-ADA3-92983C1A0F00}"
EndProject
Global
	GlobalSection(SolutionConfigurationPlatforms) = preSolution
		Debug|Any CPU = Debug|Any CPU
		Release|Any CPU = Release|Any CPU
	EndGlobalSection
	GlobalSection(ProjectConfigurationPlatforms) = postSolution
		{520C5223-5DE2-4395-8DBF-BB5B4659098A}.Debug|Any CPU.ActiveCfg = Debug|Any CPU
		{520C5223-5DE2-4395-8DBF-BB5B4659098A}.Debug|Any CPU.Build.0 = Debug|Any CPU
		{520C5223-5DE2-4395-8DBF-BB5B4659098A}.Release|Any CPU.ActiveCfg = Release|Any CPU
		{520C5223-5DE2-4395-8DBF-BB5B4659098A}.Release|Any CPU.Build.0 = Release|Any CPU
		{3068F2F6-5DBB-47F2-ADA3-92983C1A0F00}.Debug|Any CPU.ActiveCfg = Debug|Any CPU
		{3068F2F6-5DBB-47F2-ADA3-92983C1A0F00}.Debug|Any CPU.Build.0 = Debug|Any CPU
		{3068F2F6-5DBB-47F2-ADA3-92983C1A0F00}.Release|Any CPU.ActiveCfg = Release|Any CPU
		{3068F2F6-5DBB-47F2-ADA3-92983C1A0F00}.Release|Any CPU.Build.0 = Release|Any CPU
	EndGlobalSection
	GlobalSection(SolutionProperties) = preSolution
		HideSolutionNode = FALSE
	EndGlobalSection
	GlobalSection(ExtensibilityGlobals) = postSolution
		SolutionGuid = {D94B8315-8158-423C-8265-8BE297E58582}
	EndGlobalSection
EndGlobal
